# This file is automatically @generated by Poetry 1.5.1 and should not be changed by hand.

[[package]]
name = "pydicom"
version = "2.4.0"
description = "A pure Python package for reading and writing DICOM data"
optional = false
python-versions = ">=3.7"
files = [
    {file = "pydicom-2.4.0-py3-none-any.whl", hash = "sha256:bfb588716e5c86392c9d041addbca422a9d795bba984f9c75711490f4c8fc939"},
    {file = "pydicom-2.4.0.tar.gz", hash = "sha256:374425901ea004a2864aac0bce549a7f8024bc9cdad50a3d3595268253b44ff7"},
]

[package.extras]
docs = ["matplotlib", "numpy", "numpydoc", "pillow", "sphinx", "sphinx-copybutton", "sphinx-gallery", "sphinx_rtd_theme", "sphinxcontrib-napoleon"]

[[package]]
name = "pynetdicom"
version = "2.0.2"
description = "A Python implementation of the DICOM networking protocol"
optional = false
python-versions = ">=3.7"
files = [
    {file = "pynetdicom-2.0.2-py3-none-any.whl", hash = "sha256:6726173d25a51f66f2a4557d816c0f93b3b2a8435ce3d319e6cdd8e48bf657d5"},
    {file = "pynetdicom-2.0.2.tar.gz", hash = "sha256:231212e9b9c5e0debf2af4f17d8afa14ecd1b262a11cdb891b2b2b15f7ab5939"},
]

[package.dependencies]
pydicom = ">=2.2.0"

[package.extras]
apps = ["sqlalchemy"]
docs = ["numpydoc", "sphinx", "sphinx-copybutton", "sphinx-issues", "sphinx-rtd-theme", "sphinxcontrib-napoleon"]
tests = ["pyfakefs", "pytest", "sqlalchemy"]

[metadata]
lock-version = "2.0"
python-versions = "^3.9"
content-hash = "fae4f1c2fcabe75e8fea894bf936941ad69ffefd35ed0f584d6c5477950179b8"
