# This file is automatically @generated by Poetry 1.5.1 and should not be changed by hand.

[[package]]
name = "pydicom"
version = "2.4.1"
description = "A pure Python package for reading and writing DICOM data"
optional = false
python-versions = ">=3.7"
files = [
    {file = "pydicom-2.4.1-py3-none-any.whl", hash = "sha256:301cbf8bf2cca95643ccf678f5b0cfecfd15974cd27e199f0856c44694852c0e"},
    {file = "pydicom-2.4.1.tar.gz", hash = "sha256:6cb210dbe5586841036e8eeb2d4feb4df22a48f39161ba7ee0bf3c89faaba946"},
]

[package.extras]
docs = ["matplotlib", "numpy", "numpydoc", "pillow", "sphinx", "sphinx-copybutton", "sphinx-gallery", "sphinx_rtd_theme", "sphinxcontrib-napoleon"]

[[package]]
name = "pynetdicom"
version = "2.0.2"
description = "A Python implementation of the DICOM networking protocol"
optional = false
python-versions = ">=3.7"
files = [
    {file = "pynetdicom-2.0.2-py3-none-any.whl", hash = "sha256:6726173d25a51f66f2a4557d816c0f93b3b2a8435ce3d319e6cdd8e48bf657d5"},
    {file = "pynetdicom-2.0.2.tar.gz", hash = "sha256:231212e9b9c5e0debf2af4f17d8afa14ecd1b262a11cdb891b2b2b15f7ab5939"},
]

[package.dependencies]
pydicom = ">=2.2.0"

[package.extras]
apps = ["sqlalchemy"]
docs = ["numpydoc", "sphinx", "sphinx-copybutton", "sphinx-issues", "sphinx-rtd-theme", "sphinxcontrib-napoleon"]
tests = ["pyfakefs", "pytest", "sqlalchemy"]

[metadata]
lock-version = "2.0"
python-versions = "^3.9"
content-hash = "8d312888555ae774c6dab950cfc0738316cf9b2f69d45e8e955b304ace3c7d19"
